
Microsoft Visual Studio Solution File, Format Version 12.00
# Visual Studio Version 17
VisualStudioVersion = 17.3.32819.101
MinimumVisualStudioVersion = 10.0.40219.1
Project("{9A19103F-16F7-4668-BE54-9A1E7A4F7556}") = "MTWireGuard", "UI\MTWireGuard.csproj", "{F4826D62-8AB3-4565-A3F1-8FD5998DFA43}"
EndProject
Project("{2150E333-8FDC-42A3-9474-1A3956D46DE8}") = "Solution Items", "Solution Items", "{810BE84C-BB0A-4280-BBE9-E0A1B859BDED}"
	ProjectSection(SolutionItems) = preProject
		.editorconfig = .editorconfig
	EndProjectSection
EndProject
Project("{9A19103F-16F7-4668-BE54-9A1E7A4F7556}") = "MTWireGuard.Application", "Application\MTWireGuard.Application.csproj", "{D287FE39-390B-44B2-A62E-CE6030CA945B}"
EndProject
Project("{9A19103F-16F7-4668-BE54-9A1E7A4F7556}") = "MikrotikAPI", "MikrotikAPI\MikrotikAPI.csproj", "{357EE40B-AA30-482C-94CF-34854BE24D61}"
EndProject
Project("{FAE04EC0-301F-11D3-BF4B-00C04F79EFBC}") = "Serilog.Ui.SqliteProvider", "Serilog.Ui.SqliteProvider\Serilog.Ui.SqliteProvider.csproj", "{4D0ED34E-E84B-4861-82DC-C2149DCD6E14}"
EndProject
Global
	GlobalSection(SolutionConfigurationPlatforms) = preSolution
		Debug|Any CPU = Debug|Any CPU
		Release|Any CPU = Release|Any CPU
	EndGlobalSection
	GlobalSection(ProjectConfigurationPlatforms) = postSolution
		{F4826D62-8AB3-4565-A3F1-8FD5998DFA43}.Debug|Any CPU.ActiveCfg = Debug|Any CPU
		{F4826D62-8AB3-4565-A3F1-8FD5998DFA43}.Debug|Any CPU.Build.0 = Debug|Any CPU
		{F4826D62-8AB3-4565-A3F1-8FD5998DFA43}.Release|Any CPU.ActiveCfg = Release|Any CPU
		{F4826D62-8AB3-4565-A3F1-8FD5998DFA43}.Release|Any CPU.Build.0 = Release|Any CPU
		{D287FE39-390B-44B2-A62E-CE6030CA945B}.Debug|Any CPU.ActiveCfg = Debug|Any CPU
		{D287FE39-390B-44B2-A62E-CE6030CA945B}.Debug|Any CPU.Build.0 = Debug|Any CPU
		{D287FE39-390B-44B2-A62E-CE6030CA945B}.Release|Any CPU.ActiveCfg = Release|Any CPU
		{D287FE39-390B-44B2-A62E-CE6030CA945B}.Release|Any CPU.Build.0 = Release|Any CPU
		{357EE40B-AA30-482C-94CF-34854BE24D61}.Debug|Any CPU.ActiveCfg = Debug|Any CPU
		{357EE40B-AA30-482C-94CF-34854BE24D61}.Debug|Any CPU.Build.0 = Debug|Any CPU
		{357EE40B-AA30-482C-94CF-34854BE24D61}.Release|Any CPU.ActiveCfg = Release|Any CPU
		{357EE40B-AA30-482C-94CF-34854BE24D61}.Release|Any CPU.Build.0 = Release|Any CPU
		{4D0ED34E-E84B-4861-82DC-C2149DCD6E14}.Debug|Any CPU.ActiveCfg = Debug|Any CPU
		{4D0ED34E-E84B-4861-82DC-C2149DCD6E14}.Debug|Any CPU.Build.0 = Debug|Any CPU
		{4D0ED34E-E84B-4861-82DC-C2149DCD6E14}.Release|Any CPU.ActiveCfg = Release|Any CPU
		{4D0ED34E-E84B-4861-82DC-C2149DCD6E14}.Release|Any CPU.Build.0 = Release|Any CPU
	EndGlobalSection
	GlobalSection(SolutionProperties) = preSolution
		HideSolutionNode = FALSE
	EndGlobalSection
	GlobalSection(ExtensibilityGlobals) = postSolution
		SolutionGuid = {E6EC9B9D-E199-4D33-8B16-F398E2092A72}
	EndGlobalSection
EndGlobal
